
Microsoft Visual Studio Solution File, Format Version 12.00
# Visual Studio Version 17
VisualStudioVersion = 17.5.33516.290
MinimumVisualStudioVersion = 10.0.40219.1
Project("{FAE04EC0-301F-11D3-BF4B-00C04F79EFBC}") = "CnC", "CnC\CnC.csproj", "{55AEE410-6A4C-470B-8096-B284B163AEDB}"
EndProject
Global
	GlobalSection(SolutionConfigurationPlatforms) = preSolution
		Debug|Any CPU = Debug|Any CPU
		Release|Any CPU = Release|Any CPU
	EndGlobalSection
	GlobalSection(ProjectConfigurationPlatforms) = postSolution
		{55AEE410-6A4C-470B-8096-B284B163AEDB}.Debug|Any CPU.ActiveCfg = Debug|Any CPU
		{55AEE410-6A4C-470B-8096-B284B163AEDB}.Debug|Any CPU.Build.0 = Debug|Any CPU
		{55AEE410-6A4C-470B-8096-B284B163AEDB}.Release|Any CPU.ActiveCfg = Release|Any CPU
		{55AEE410-6A4C-470B-8096-B284B163AEDB}.Release|Any CPU.Build.0 = Release|Any CPU
	EndGlobalSection
	GlobalSection(SolutionProperties) = preSolution
		HideSolutionNode = FALSE
	EndGlobalSection
	GlobalSection(ExtensibilityGlobals) = postSolution
		SolutionGuid = {B2406AFC-73A3-483B-AE94-B11F7D8AC9DE}
	EndGlobalSection
EndGlobal
